
Microsoft Visual Studio Solution File, Format Version 12.00
# Visual Studio 2012
Project("{FAE04EC0-301F-11D3-BF4B-00C04F79EFBC}") = "Sequences", "src\Sequences\Sequences.csproj", "{1E1A1DB4-6326-446B-B5D9-297A767C1C10}"
EndProject
Global
	GlobalSection(SolutionConfigurationPlatforms) = preSolution
		Debug|Any CPU = Debug|Any CPU
		Release|Any CPU = Release|Any CPU
	EndGlobalSection
	GlobalSection(ProjectConfigurationPlatforms) = postSolution
		{1E1A1DB4-6326-446B-B5D9-297A767C1C10}.Debug|Any CPU.ActiveCfg = Debug|Any CPU
		{1E1A1DB4-6326-446B-B5D9-297A767C1C10}.Debug|Any CPU.Build.0 = Debug|Any CPU
		{1E1A1DB4-6326-446B-B5D9-297A767C1C10}.Release|Any CPU.ActiveCfg = Release|Any CPU
		{1E1A1DB4-6326-446B-B5D9-297A767C1C10}.Release|Any CPU.Build.0 = Release|Any CPU
	EndGlobalSection
	GlobalSection(SolutionProperties) = preSolution
		HideSolutionNode = FALSE
	EndGlobalSection
EndGlobal
