
Microsoft Visual Studio Solution File, Format Version 12.00
# Visual Studio 2012
Project("{FAE04EC0-301F-11D3-BF4B-00C04F79EFBC}") = "Sequences.Tests.Unit", "tests\Sequences.Tests.Unit\Sequences.Tests.Unit.csproj", "{97B797FB-B2D8-414B-9459-71EB27113D60}"
EndProject
Project("{FAE04EC0-301F-11D3-BF4B-00C04F79EFBC}") = "Sequences", "src\Sequences\Sequences.csproj", "{6C9F9E66-E026-4966-AEB2-9B29B5F0DF85}"
EndProject
Project("{2150E333-8FDC-42A3-9474-1A3956D46DE8}") = ".nuget", ".nuget", "{C5490B70-626D-48B8-BE58-0F395820FF35}"
	ProjectSection(SolutionItems) = preProject
		.nuget\NuGet.Config = .nuget\NuGet.Config
		.nuget\NuGet.exe = .nuget\NuGet.exe
		.nuget\NuGet.targets = .nuget\NuGet.targets
	EndProjectSection
EndProject
Project("{FAE04EC0-301F-11D3-BF4B-00C04F79EFBC}") = "Sequences.Tests.Functional", "tests\Sequences.Tests.Functional\Sequences.Tests.Functional.csproj", "{C0460AD0-BE50-4A91-BBDF-BDBA5F2634C6}"
EndProject
Project("{7CF6DF6D-3B04-46F8-A40B-537D21BCA0B4}") = "Sequence.Docs", "docs\Sequence.Docs\Sequence.Docs.shfbproj", "{7807882D-4578-40A2-9E24-970E1E992EC5}"
EndProject
Global
	GlobalSection(SolutionConfigurationPlatforms) = preSolution
		Debug|Any CPU = Debug|Any CPU
		Release|Any CPU = Release|Any CPU
	EndGlobalSection
	GlobalSection(ProjectConfigurationPlatforms) = postSolution
		{97B797FB-B2D8-414B-9459-71EB27113D60}.Debug|Any CPU.ActiveCfg = Debug|Any CPU
		{97B797FB-B2D8-414B-9459-71EB27113D60}.Debug|Any CPU.Build.0 = Debug|Any CPU
		{97B797FB-B2D8-414B-9459-71EB27113D60}.Release|Any CPU.ActiveCfg = Release|Any CPU
		{97B797FB-B2D8-414B-9459-71EB27113D60}.Release|Any CPU.Build.0 = Release|Any CPU
		{6C9F9E66-E026-4966-AEB2-9B29B5F0DF85}.Debug|Any CPU.ActiveCfg = Debug|Any CPU
		{6C9F9E66-E026-4966-AEB2-9B29B5F0DF85}.Debug|Any CPU.Build.0 = Debug|Any CPU
		{6C9F9E66-E026-4966-AEB2-9B29B5F0DF85}.Release|Any CPU.ActiveCfg = Release|Any CPU
		{6C9F9E66-E026-4966-AEB2-9B29B5F0DF85}.Release|Any CPU.Build.0 = Release|Any CPU
		{C0460AD0-BE50-4A91-BBDF-BDBA5F2634C6}.Debug|Any CPU.ActiveCfg = Debug|Any CPU
		{C0460AD0-BE50-4A91-BBDF-BDBA5F2634C6}.Debug|Any CPU.Build.0 = Debug|Any CPU
		{C0460AD0-BE50-4A91-BBDF-BDBA5F2634C6}.Release|Any CPU.ActiveCfg = Release|Any CPU
		{C0460AD0-BE50-4A91-BBDF-BDBA5F2634C6}.Release|Any CPU.Build.0 = Release|Any CPU
		{7807882D-4578-40A2-9E24-970E1E992EC5}.Debug|Any CPU.ActiveCfg = Debug|Any CPU
		{7807882D-4578-40A2-9E24-970E1E992EC5}.Debug|Any CPU.Build.0 = Debug|Any CPU
		{7807882D-4578-40A2-9E24-970E1E992EC5}.Release|Any CPU.ActiveCfg = Release|Any CPU
		{7807882D-4578-40A2-9E24-970E1E992EC5}.Release|Any CPU.Build.0 = Release|Any CPU
	EndGlobalSection
	GlobalSection(SolutionProperties) = preSolution
		HideSolutionNode = FALSE
	EndGlobalSection
EndGlobal
